
Microsoft Visual Studio Solution File, Format Version 12.00
# Visual Studio Version 17
VisualStudioVersion = 17.14.35906.104
MinimumVisualStudioVersion = 10.0.40219.1
Project("{FAE04EC0-301F-11D3-BF4B-00C04F79EFBC}") = "TitanicSurvival.Web", "src\TitanicSurvival.Web\TitanicSurvival.Web.csproj", "{A726910C-0865-476B-980E-8AD2F4FBF191}"
EndProject
Global
	GlobalSection(SolutionConfigurationPlatforms) = preSolution
		Debug|Any CPU = Debug|Any CPU
		Release|Any CPU = Release|Any CPU
	EndGlobalSection
	GlobalSection(ProjectConfigurationPlatforms) = postSolution
		{A726910C-0865-476B-980E-8AD2F4FBF191}.Debug|Any CPU.ActiveCfg = Debug|Any CPU
		{A726910C-0865-476B-980E-8AD2F4FBF191}.Debug|Any CPU.Build.0 = Debug|Any CPU
		{A726910C-0865-476B-980E-8AD2F4FBF191}.Release|Any CPU.ActiveCfg = Release|Any CPU
		{A726910C-0865-476B-980E-8AD2F4FBF191}.Release|Any CPU.Build.0 = Release|Any CPU
	EndGlobalSection
	GlobalSection(SolutionProperties) = preSolution
		HideSolutionNode = FALSE
	EndGlobalSection
	GlobalSection(ExtensibilityGlobals) = postSolution
		SolutionGuid = {D54027CB-6232-4082-BBC6-DACC51C6EBF9}
	EndGlobalSection
EndGlobal
